
Microsoft Visual Studio Solution File, Format Version 12.00
# Visual Studio Version 17
VisualStudioVersion = 17.13.35931.197 d17.13
MinimumVisualStudioVersion = 10.0.40219.1
Project("{FAE04EC0-301F-11D3-BF4B-00C04F79EFBC}") = "Core_Proje", "Core_Proje\Core_Proje.csproj", "{EBAF7114-17A0-4D51-8CB9-75BEF6DB981D}"
EndProject
Project("{FAE04EC0-301F-11D3-BF4B-00C04F79EFBC}") = "BusinessLayer", "BusinessLayer\BusinessLayer.csproj", "{88C17DB5-2C90-43B9-BF16-95BA35B13B3D}"
EndProject
Project("{FAE04EC0-301F-11D3-BF4B-00C04F79EFBC}") = "DataAccessLayer", "DataAccessLayer\DataAccessLayer.csproj", "{207880BA-FF41-47E2-AAA3-C2D9F2FF4B02}"
EndProject
Project("{FAE04EC0-301F-11D3-BF4B-00C04F79EFBC}") = "EntityLayer", "EntityLayer\EntityLayer.csproj", "{5A7AD523-A2D8-4AB7-B769-A71A589E1590}"
EndProject
Global
	GlobalSection(SolutionConfigurationPlatforms) = preSolution
		Debug|Any CPU = Debug|Any CPU
		Release|Any CPU = Release|Any CPU
	EndGlobalSection
	GlobalSection(ProjectConfigurationPlatforms) = postSolution
		{EBAF7114-17A0-4D51-8CB9-75BEF6DB981D}.Debug|Any CPU.ActiveCfg = Debug|Any CPU
		{EBAF7114-17A0-4D51-8CB9-75BEF6DB981D}.Debug|Any CPU.Build.0 = Debug|Any CPU
		{EBAF7114-17A0-4D51-8CB9-75BEF6DB981D}.Release|Any CPU.ActiveCfg = Release|Any CPU
		{EBAF7114-17A0-4D51-8CB9-75BEF6DB981D}.Release|Any CPU.Build.0 = Release|Any CPU
		{88C17DB5-2C90-43B9-BF16-95BA35B13B3D}.Debug|Any CPU.ActiveCfg = Debug|Any CPU
		{88C17DB5-2C90-43B9-BF16-95BA35B13B3D}.Debug|Any CPU.Build.0 = Debug|Any CPU
		{88C17DB5-2C90-43B9-BF16-95BA35B13B3D}.Release|Any CPU.ActiveCfg = Release|Any CPU
		{88C17DB5-2C90-43B9-BF16-95BA35B13B3D}.Release|Any CPU.Build.0 = Release|Any CPU
		{207880BA-FF41-47E2-AAA3-C2D9F2FF4B02}.Debug|Any CPU.ActiveCfg = Debug|Any CPU
		{207880BA-FF41-47E2-AAA3-C2D9F2FF4B02}.Debug|Any CPU.Build.0 = Debug|Any CPU
		{207880BA-FF41-47E2-AAA3-C2D9F2FF4B02}.Release|Any CPU.ActiveCfg = Release|Any CPU
		{207880BA-FF41-47E2-AAA3-C2D9F2FF4B02}.Release|Any CPU.Build.0 = Release|Any CPU
		{5A7AD523-A2D8-4AB7-B769-A71A589E1590}.Debug|Any CPU.ActiveCfg = Debug|Any CPU
		{5A7AD523-A2D8-4AB7-B769-A71A589E1590}.Debug|Any CPU.Build.0 = Debug|Any CPU
		{5A7AD523-A2D8-4AB7-B769-A71A589E1590}.Release|Any CPU.ActiveCfg = Release|Any CPU
		{5A7AD523-A2D8-4AB7-B769-A71A589E1590}.Release|Any CPU.Build.0 = Release|Any CPU
	EndGlobalSection
	GlobalSection(SolutionProperties) = preSolution
		HideSolutionNode = FALSE
	EndGlobalSection
	GlobalSection(ExtensibilityGlobals) = postSolution
		SolutionGuid = {7D55CC54-F102-448A-8689-AC147C0F1DA2}
	EndGlobalSection
EndGlobal
